// !$*UTF8*$!
{
	archiveVersion = 1;
	classes = {
	};
	objectVersion = 48;
	objects = {

/* Begin PBXBuildFile section */
		741627D1D8A505AFDD0F9289 /* Pods_Moya_demo.framework in Frameworks */ = {isa = PBXBuildFile; fileRef = 282B61DA37EF9C9A3005B62D /* Pods_Moya_demo.framework */; };
		FE8767AB1FAE986F00BF7412 /* AppDelegate.swift in Sources */ = {isa = PBXBuildFile; fileRef = FE8767AA1FAE986F00BF7412 /* AppDelegate.swift */; };
		FE8767AD1FAE986F00BF7412 /* ViewController.swift in Sources */ = {isa = PBXBuildFile; fileRef = FE8767AC1FAE986F00BF7412 /* ViewController.swift */; };
		FE8767B01FAE986F00BF7412 /* Main.storyboard in Resources */ = {isa = PBXBuildFile; fileRef = FE8767AE1FAE986F00BF7412 /* Main.storyboard */; };
		FE8767B21FAE986F00BF7412 /* Assets.xcassets in Resources */ = {isa = PBXBuildFile; fileRef = FE8767B11FAE986F00BF7412 /* Assets.xcassets */; };
		FE8767B51FAE986F00BF7412 /* LaunchScreen.storyboard in Resources */ = {isa = PBXBuildFile; fileRef = FE8767B31FAE986F00BF7412 /* LaunchScreen.storyboard */; };
		FE8767C01FAE986F00BF7412 /* Moya_demoTests.swift in Sources */ = {isa = PBXBuildFile; fileRef = FE8767BF1FAE986F00BF7412 /* Moya_demoTests.swift */; };
		FE8767CB1FAE986F00BF7412 /* Moya_demoUITests.swift in Sources */ = {isa = PBXBuildFile; fileRef = FE8767CA1FAE986F00BF7412 /* Moya_demoUITests.swift */; };
		FE8767E01FAE98A000BF7412 /* GameAPI.swift in Sources */ = {isa = PBXBuildFile; fileRef = FE8767DB1FAE98A000BF7412 /* GameAPI.swift */; };
		FE8767E11FAE98A000BF7412 /* GameApiManager.swift in Sources */ = {isa = PBXBuildFile; fileRef = FE8767DC1FAE98A000BF7412 /* GameApiManager.swift */; };
		FE8767E31FAE98A000BF7412 /* RequestHandlingPlugin.swift in Sources */ = {isa = PBXBuildFile; fileRef = FE8767DE1FAE98A000BF7412 /* RequestHandlingPlugin.swift */; };
		FE8767E41FAE98A000BF7412 /* PKCS12Importer.swift in Sources */ = {isa = PBXBuildFile; fileRef = FE8767DF1FAE98A000BF7412 /* PKCS12Importer.swift */; };
/* End PBXBuildFile section */

/* Begin PBXContainerItemProxy section */
		FE8767BC1FAE986F00BF7412 /* PBXContainerItemProxy */ = {
			isa = PBXContainerItemProxy;
			containerPortal = FE87679F1FAE986F00BF7412 /* Project object */;
			proxyType = 1;
			remoteGlobalIDString = FE8767A61FAE986F00BF7412;
			remoteInfo = "Moya-demo";
		};
		FE8767C71FAE986F00BF7412 /* PBXContainerItemProxy */ = {
			isa = PBXContainerItemProxy;
			containerPortal = FE87679F1FAE986F00BF7412 /* Project object */;
			proxyType = 1;
			remoteGlobalIDString = FE8767A61FAE986F00BF7412;
			remoteInfo = "Moya-demo";
		};
/* End PBXContainerItemProxy section */

/* Begin PBXFileReference section */
		1BF030F1420930F9BB3B31F7 /* Pods-Moya-demo.release.xcconfig */ = {isa = PBXFileReference; includeInIndex = 1; lastKnownFileType = text.xcconfig; name = "Pods-Moya-demo.release.xcconfig"; path = "Pods/Target Support Files/Pods-Moya-demo/Pods-Moya-demo.release.xcconfig"; sourceTree = "<group>"; };
		282B61DA37EF9C9A3005B62D /* Pods_Moya_demo.framework */ = {isa = PBXFileReference; explicitFileType = wrapper.framework; includeInIndex = 0; path = Pods_Moya_demo.framework; sourceTree = BUILT_PRODUCTS_DIR; };
		4A1D61DC327071114E34B66C /* Pods-Moya-demo.debug.xcconfig */ = {isa = PBXFileReference; includeInIndex = 1; lastKnownFileType = text.xcconfig; name = "Pods-Moya-demo.debug.xcconfig"; path = "Pods/Target Support Files/Pods-Moya-demo/Pods-Moya-demo.debug.xcconfig"; sourceTree = "<group>"; };
		FE8767A71FAE986F00BF7412 /* Moya-demo.app */ = {isa = PBXFileReference; explicitFileType = wrapper.application; includeInIndex = 0; path = "Moya-demo.app"; sourceTree = BUILT_PRODUCTS_DIR; };
		FE8767AA1FAE986F00BF7412 /* AppDelegate.swift */ = {isa = PBXFileReference; lastKnownFileType = sourcecode.swift; path = AppDelegate.swift; sourceTree = "<group>"; };
		FE8767AC1FAE986F00BF7412 /* ViewController.swift */ = {isa = PBXFileReference; lastKnownFileType = sourcecode.swift; path = ViewController.swift; sourceTree = "<group>"; };
		FE8767AF1FAE986F00BF7412 /* Base */ = {isa = PBXFileReference; lastKnownFileType = file.storyboard; name = Base; path = Base.lproj/Main.storyboard; sourceTree = "<group>"; };
		FE8767B11FAE986F00BF7412 /* Assets.xcassets */ = {isa = PBXFileReference; lastKnownFileType = folder.assetcatalog; path = Assets.xcassets; sourceTree = "<group>"; };
		FE8767B41FAE986F00BF7412 /* Base */ = {isa = PBXFileReference; lastKnownFileType = file.storyboard; name = Base; path = Base.lproj/LaunchScreen.storyboard; sourceTree = "<group>"; };
		FE8767B61FAE986F00BF7412 /* Info.plist */ = {isa = PBXFileReference; lastKnownFileType = text.plist.xml; path = Info.plist; sourceTree = "<group>"; };
		FE8767BB1FAE986F00BF7412 /* Moya-demoTests.xctest */ = {isa = PBXFileReference; explicitFileType = wrapper.cfbundle; includeInIndex = 0; path = "Moya-demoTests.xctest"; sourceTree = BUILT_PRODUCTS_DIR; };
		FE8767BF1FAE986F00BF7412 /* Moya_demoTests.swift */ = {isa = PBXFileReference; lastKnownFileType = sourcecode.swift; path = Moya_demoTests.swift; sourceTree = "<group>"; };
		FE8767C11FAE986F00BF7412 /* Info.plist */ = {isa = PBXFileReference; lastKnownFileType = text.plist.xml; path = Info.plist; sourceTree = "<group>"; };
		FE8767C61FAE986F00BF7412 /* Moya-demoUITests.xctest */ = {isa = PBXFileReference; explicitFileType = wrapper.cfbundle; includeInIndex = 0; path = "Moya-demoUITests.xctest"; sourceTree = BUILT_PRODUCTS_DIR; };
		FE8767CA1FAE986F00BF7412 /* Moya_demoUITests.swift */ = {isa = PBXFileReference; lastKnownFileType = sourcecode.swift; path = Moya_demoUITests.swift; sourceTree = "<group>"; };
		FE8767CC1FAE986F00BF7412 /* Info.plist */ = {isa = PBXFileReference; lastKnownFileType = text.plist.xml; path = Info.plist; sourceTree = "<group>"; };
		FE8767DB1FAE98A000BF7412 /* GameAPI.swift */ = {isa = PBXFileReference; fileEncoding = 4; lastKnownFileType = sourcecode.swift; path = GameAPI.swift; sourceTree = "<group>"; };
		FE8767DC1FAE98A000BF7412 /* GameApiManager.swift */ = {isa = PBXFileReference; fileEncoding = 4; lastKnownFileType = sourcecode.swift; path = GameApiManager.swift; sourceTree = "<group>"; };
		FE8767DE1FAE98A000BF7412 /* RequestHandlingPlugin.swift */ = {isa = PBXFileReference; fileEncoding = 4; lastKnownFileType = sourcecode.swift; path = RequestHandlingPlugin.swift; sourceTree = "<group>"; };
		FE8767DF1FAE98A000BF7412 /* PKCS12Importer.swift */ = {isa = PBXFileReference; fileEncoding = 4; lastKnownFileType = sourcecode.swift; path = PKCS12Importer.swift; sourceTree = "<group>"; };
/* End PBXFileReference section */

/* Begin PBXFrameworksBuildPhase section */
		FE8767A41FAE986F00BF7412 /* Frameworks */ = {
			isa = PBXFrameworksBuildPhase;
			buildActionMask = 2147483647;
			files = (
				741627D1D8A505AFDD0F9289 /* Pods_Moya_demo.framework in Frameworks */,
			);
			runOnlyForDeploymentPostprocessing = 0;
		};
		FE8767B81FAE986F00BF7412 /* Frameworks */ = {
			isa = PBXFrameworksBuildPhase;
			buildActionMask = 2147483647;
			files = (
			);
			runOnlyForDeploymentPostprocessing = 0;
		};
		FE8767C31FAE986F00BF7412 /* Frameworks */ = {
			isa = PBXFrameworksBuildPhase;
			buildActionMask = 2147483647;
			files = (
			);
			runOnlyForDeploymentPostprocessing = 0;
		};
/* End PBXFrameworksBuildPhase section */

/* Begin PBXGroup section */
		2991FF205E4DF82EBEB65310 /* Pods */ = {
			isa = PBXGroup;
			children = (
				4A1D61DC327071114E34B66C /* Pods-Moya-demo.debug.xcconfig */,
				1BF030F1420930F9BB3B31F7 /* Pods-Moya-demo.release.xcconfig */,
			);
			name = Pods;
			sourceTree = "<group>";
		};
		F13E4F703761BDBB5A83927C /* Frameworks */ = {
			isa = PBXGroup;
			children = (
				282B61DA37EF9C9A3005B62D /* Pods_Moya_demo.framework */,
			);
			name = Frameworks;
			sourceTree = "<group>";
		};
		FE87679E1FAE986F00BF7412 = {
			isa = PBXGroup;
			children = (
				FE8767A91FAE986F00BF7412 /* Moya-demo */,
				FE8767BE1FAE986F00BF7412 /* Moya-demoTests */,
				FE8767C91FAE986F00BF7412 /* Moya-demoUITests */,
				FE8767A81FAE986F00BF7412 /* Products */,
				2991FF205E4DF82EBEB65310 /* Pods */,
				F13E4F703761BDBB5A83927C /* Frameworks */,
			);
			sourceTree = "<group>";
		};
		FE8767A81FAE986F00BF7412 /* Products */ = {
			isa = PBXGroup;
			children = (
				FE8767A71FAE986F00BF7412 /* Moya-demo.app */,
				FE8767BB1FAE986F00BF7412 /* Moya-demoTests.xctest */,
				FE8767C61FAE986F00BF7412 /* Moya-demoUITests.xctest */,
			);
			name = Products;
			sourceTree = "<group>";
		};
		FE8767A91FAE986F00BF7412 /* Moya-demo */ = {
			isa = PBXGroup;
			children = (
				FE8767DA1FAE98A000BF7412 /* ApiManager */,
				FE8767AA1FAE986F00BF7412 /* AppDelegate.swift */,
				FE8767AC1FAE986F00BF7412 /* ViewController.swift */,
				FE8767AE1FAE986F00BF7412 /* Main.storyboard */,
				FE8767B11FAE986F00BF7412 /* Assets.xcassets */,
				FE8767B31FAE986F00BF7412 /* LaunchScreen.storyboard */,
				FE8767B61FAE986F00BF7412 /* Info.plist */,
			);
			path = "Moya-demo";
			sourceTree = "<group>";
		};
		FE8767BE1FAE986F00BF7412 /* Moya-demoTests */ = {
			isa = PBXGroup;
			children = (
				FE8767BF1FAE986F00BF7412 /* Moya_demoTests.swift */,
				FE8767C11FAE986F00BF7412 /* Info.plist */,
			);
			path = "Moya-demoTests";
			sourceTree = "<group>";
		};
		FE8767C91FAE986F00BF7412 /* Moya-demoUITests */ = {
			isa = PBXGroup;
			children = (
				FE8767CA1FAE986F00BF7412 /* Moya_demoUITests.swift */,
				FE8767CC1FAE986F00BF7412 /* Info.plist */,
			);
			path = "Moya-demoUITests";
			sourceTree = "<group>";
		};
		FE8767DA1FAE98A000BF7412 /* ApiManager */ = {
			isa = PBXGroup;
			children = (
				FE8767DB1FAE98A000BF7412 /* GameAPI.swift */,
				FE8767DC1FAE98A000BF7412 /* GameApiManager.swift */,
				FE8767DE1FAE98A000BF7412 /* RequestHandlingPlugin.swift */,
				FE8767DF1FAE98A000BF7412 /* PKCS12Importer.swift */,
			);
			path = ApiManager;
			sourceTree = "<group>";
		};
/* End PBXGroup section */

/* Begin PBXNativeTarget section */
		FE8767A61FAE986F00BF7412 /* Moya-demo */ = {
			isa = PBXNativeTarget;
			buildConfigurationList = FE8767CF1FAE986F00BF7412 /* Build configuration list for PBXNativeTarget "Moya-demo" */;
			buildPhases = (
				440E0DB277F3414403199773 /* [CP] Check Pods Manifest.lock */,
				FE8767A31FAE986F00BF7412 /* Sources */,
				FE8767A41FAE986F00BF7412 /* Frameworks */,
				FE8767A51FAE986F00BF7412 /* Resources */,
				9C661728CEE1D72F787CD5A8 /* [CP] Embed Pods Frameworks */,
				4947616C4B8176F7946113A2 /* [CP] Copy Pods Resources */,
			);
			buildRules = (
			);
			dependencies = (
			);
			name = "Moya-demo";
			productName = "Moya-demo";
			productReference = FE8767A71FAE986F00BF7412 /* Moya-demo.app */;
			productType = "com.apple.product-type.application";
		};
		FE8767BA1FAE986F00BF7412 /* Moya-demoTests */ = {
			isa = PBXNativeTarget;
			buildConfigurationList = FE8767D21FAE986F00BF7412 /* Build configuration list for PBXNativeTarget "Moya-demoTests" */;
			buildPhases = (
				FE8767B71FAE986F00BF7412 /* Sources */,
				FE8767B81FAE986F00BF7412 /* Frameworks */,
				FE8767B91FAE986F00BF7412 /* Resources */,
			);
			buildRules = (
			);
			dependencies = (
				FE8767BD1FAE986F00BF7412 /* PBXTargetDependency */,
			);
			name = "Moya-demoTests";
			productName = "Moya-demoTests";
			productReference = FE8767BB1FAE986F00BF7412 /* Moya-demoTests.xctest */;
			productType = "com.apple.product-type.bundle.unit-test";
		};
		FE8767C51FAE986F00BF7412 /* Moya-demoUITests */ = {
			isa = PBXNativeTarget;
			buildConfigurationList = FE8767D51FAE986F00BF7412 /* Build configuration list for PBXNativeTarget "Moya-demoUITests" */;
			buildPhases = (
				FE8767C21FAE986F00BF7412 /* Sources */,
				FE8767C31FAE986F00BF7412 /* Frameworks */,
				FE8767C41FAE986F00BF7412 /* Resources */,
			);
			buildRules = (
			);
			dependencies = (
				FE8767C81FAE986F00BF7412 /* PBXTargetDependency */,
			);
			name = "Moya-demoUITests";
			productName = "Moya-demoUITests";
			productReference = FE8767C61FAE986F00BF7412 /* Moya-demoUITests.xctest */;
			productType = "com.apple.product-type.bundle.ui-testing";
		};
/* End PBXNativeTarget section */

/* Begin PBXProject section */
		FE87679F1FAE986F00BF7412 /* Project object */ = {
			isa = PBXProject;
			attributes = {
				LastSwiftUpdateCheck = 0910;
				LastUpgradeCheck = 0910;
				ORGANIZATIONNAME = "Wilson-Yuan";
				TargetAttributes = {
					FE8767A61FAE986F00BF7412 = {
						CreatedOnToolsVersion = 9.1;
						ProvisioningStyle = Automatic;
					};
					FE8767BA1FAE986F00BF7412 = {
						CreatedOnToolsVersion = 9.1;
						ProvisioningStyle = Automatic;
						TestTargetID = FE8767A61FAE986F00BF7412;
					};
					FE8767C51FAE986F00BF7412 = {
						CreatedOnToolsVersion = 9.1;
						ProvisioningStyle = Automatic;
						TestTargetID = FE8767A61FAE986F00BF7412;
					};
				};
			};
			buildConfigurationList = FE8767A21FAE986F00BF7412 /* Build configuration list for PBXProject "Moya-demo" */;
			compatibilityVersion = "Xcode 8.0";
			developmentRegion = en;
			hasScannedForEncodings = 0;
			knownRegions = (
				en,
				Base,
			);
			mainGroup = FE87679E1FAE986F00BF7412;
			productRefGroup = FE8767A81FAE986F00BF7412 /* Products */;
			projectDirPath = "";
			projectRoot = "";
			targets = (
				FE8767A61FAE986F00BF7412 /* Moya-demo */,
				FE8767BA1FAE986F00BF7412 /* Moya-demoTests */,
				FE8767C51FAE986F00BF7412 /* Moya-demoUITests */,
			);
		};
/* End PBXProject section */

/* Begin PBXResourcesBuildPhase section */
		FE8767A51FAE986F00BF7412 /* Resources */ = {
			isa = PBXResourcesBuildPhase;
			buildActionMask = 2147483647;
			files = (
				FE8767B51FAE986F00BF7412 /* LaunchScreen.storyboard in Resources */,
				FE8767B21FAE986F00BF7412 /* Assets.xcassets in Resources */,
				FE8767B01FAE986F00BF7412 /* Main.storyboard in Resources */,
			);
			runOnlyForDeploymentPostprocessing = 0;
		};
		FE8767B91FAE986F00BF7412 /* Resources */ = {
			isa = PBXResourcesBuildPhase;
			buildActionMask = 2147483647;
			files = (
			);
			runOnlyForDeploymentPostprocessing = 0;
		};
		FE8767C41FAE986F00BF7412 /* Resources */ = {
			isa = PBXResourcesBuildPhase;
			buildActionMask = 2147483647;
			files = (
			);
			runOnlyForDeploymentPostprocessing = 0;
		};
/* End PBXResourcesBuildPhase section */

/* Begin PBXShellScriptBuildPhase section */
		440E0DB277F3414403199773 /* [CP] Check Pods Manifest.lock */ = {
			isa = PBXShellScriptBuildPhase;
			buildActionMask = 2147483647;
			files = (
			);
			inputPaths = (
			);
			name = "[CP] Check Pods Manifest.lock";
			outputPaths = (
			);
			runOnlyForDeploymentPostprocessing = 0;
			shellPath = /bin/sh;
			shellScript = "diff \"${PODS_PODFILE_DIR_PATH}/Podfile.lock\" \"${PODS_ROOT}/Manifest.lock\" > /dev/null\nif [ $? != 0 ] ; then\n    # print error to STDERR\n    echo \"error: The sandbox is not in sync with the Podfile.lock. Run 'pod install' or update your CocoaPods installation.\" >&2\n    exit 1\nfi\n";
			showEnvVarsInLog = 0;
		};
		4947616C4B8176F7946113A2 /* [CP] Copy Pods Resources */ = {
			isa = PBXShellScriptBuildPhase;
			buildActionMask = 2147483647;
			files = (
			);
			inputPaths = (
			);
			name = "[CP] Copy Pods Resources";
			outputPaths = (
			);
			runOnlyForDeploymentPostprocessing = 0;
			shellPath = /bin/sh;
			shellScript = "\"${SRCROOT}/Pods/Target Support Files/Pods-Moya-demo/Pods-Moya-demo-resources.sh\"\n";
			showEnvVarsInLog = 0;
		};
		9C661728CEE1D72F787CD5A8 /* [CP] Embed Pods Frameworks */ = {
			isa = PBXShellScriptBuildPhase;
			buildActionMask = 2147483647;
			files = (
			);
			inputPaths = (
			);
			name = "[CP] Embed Pods Frameworks";
			outputPaths = (
			);
			runOnlyForDeploymentPostprocessing = 0;
			shellPath = /bin/sh;
			shellScript = "\"${SRCROOT}/Pods/Target Support Files/Pods-Moya-demo/Pods-Moya-demo-frameworks.sh\"\n";
			showEnvVarsInLog = 0;
		};
/* End PBXShellScriptBuildPhase section */

/* Begin PBXSourcesBuildPhase section */
		FE8767A31FAE986F00BF7412 /* Sources */ = {
			isa = PBXSourcesBuildPhase;
			buildActionMask = 2147483647;
			files = (
				FE8767AD1FAE986F00BF7412 /* ViewController.swift in Sources */,
				FE8767E41FAE98A000BF7412 /* PKCS12Importer.swift in Sources */,
				FE8767E01FAE98A000BF7412 /* GameAPI.swift in Sources */,
				FE8767E11FAE98A000BF7412 /* GameApiManager.swift in Sources */,
				FE8767AB1FAE986F00BF7412 /* AppDelegate.swift in Sources */,
				FE8767E31FAE98A000BF7412 /* RequestHandlingPlugin.swift in Sources */,
			);
			runOnlyForDeploymentPostprocessing = 0;
		};
		FE8767B71FAE986F00BF7412 /* Sources */ = {
			isa = PBXSourcesBuildPhase;
			buildActionMask = 2147483647;
			files = (
				FE8767C01FAE986F00BF7412 /* Moya_demoTests.swift in Sources */,
			);
			runOnlyForDeploymentPostprocessing = 0;
		};
		FE8767C21FAE986F00BF7412 /* Sources */ = {
			isa = PBXSourcesBuildPhase;
			buildActionMask = 2147483647;
			files = (
				FE8767CB1FAE986F00BF7412 /* Moya_demoUITests.swift in Sources */,
			);
			runOnlyForDeploymentPostprocessing = 0;
		};
/* End PBXSourcesBuildPhase section */

/* Begin PBXTargetDependency section */
		FE8767BD1FAE986F00BF7412 /* PBXTargetDependency */ = {
			isa = PBXTargetDependency;
			target = FE8767A61FAE986F00BF7412 /* Moya-demo */;
			targetProxy = FE8767BC1FAE986F00BF7412 /* PBXContainerItemProxy */;
		};
		FE8767C81FAE986F00BF7412 /* PBXTargetDependency */ = {
			isa = PBXTargetDependency;
			target = FE8767A61FAE986F00BF7412 /* Moya-demo */;
			targetProxy = FE8767C71FAE986F00BF7412 /* PBXContainerItemProxy */;
		};
/* End PBXTargetDependency section */

/* Begin PBXVariantGroup section */
		FE8767AE1FAE986F00BF7412 /* Main.storyboard */ = {
			isa = PBXVariantGroup;
			children = (
				FE8767AF1FAE986F00BF7412 /* Base */,
			);
			name = Main.storyboard;
			sourceTree = "<group>";
		};
		FE8767B31FAE986F00BF7412 /* LaunchScreen.storyboard */ = {
			isa = PBXVariantGroup;
			children = (
				FE8767B41FAE986F00BF7412 /* Base */,
			);
			name = LaunchScreen.storyboard;
			sourceTree = "<group>";
		};
/* End PBXVariantGroup section */

/* Begin XCBuildConfiguration section */
		FE8767CD1FAE986F00BF7412 /* Debug */ = {
			isa = XCBuildConfiguration;
			buildSettings = {
				ALWAYS_SEARCH_USER_PATHS = NO;
				CLANG_ANALYZER_NONNULL = YES;
				CLANG_ANALYZER_NUMBER_OBJECT_CONVERSION = YES_AGGRESSIVE;
				CLANG_CXX_LANGUAGE_STANDARD = "gnu++14";
				CLANG_CXX_LIBRARY = "libc++";
				CLANG_ENABLE_MODULES = YES;
				CLANG_ENABLE_OBJC_ARC = YES;
				CLANG_WARN_BLOCK_CAPTURE_AUTORELEASING = YES;
				CLANG_WARN_BOOL_CONVERSION = YES;
				CLANG_WARN_COMMA = YES;
				CLANG_WARN_CONSTANT_CONVERSION = YES;
				CLANG_WARN_DIRECT_OBJC_ISA_USAGE = YES_ERROR;
				CLANG_WARN_DOCUMENTATION_COMMENTS = YES;
				CLANG_WARN_EMPTY_BODY = YES;
				CLANG_WARN_ENUM_CONVERSION = YES;
				CLANG_WARN_INFINITE_RECURSION = YES;
				CLANG_WARN_INT_CONVERSION = YES;
				CLANG_WARN_NON_LITERAL_NULL_CONVERSION = YES;
				CLANG_WARN_OBJC_LITERAL_CONVERSION = YES;
				CLANG_WARN_OBJC_ROOT_CLASS = YES_ERROR;
				CLANG_WARN_RANGE_LOOP_ANALYSIS = YES;
				CLANG_WARN_STRICT_PROTOTYPES = YES;
				CLANG_WARN_SUSPICIOUS_MOVE = YES;
				CLANG_WARN_UNGUARDED_AVAILABILITY = YES_AGGRESSIVE;
				CLANG_WARN_UNREACHABLE_CODE = YES;
				CLANG_WARN__DUPLICATE_METHOD_MATCH = YES;
				CODE_SIGN_IDENTITY = "iPhone Developer";
				COPY_PHASE_STRIP = NO;
				DEBUG_INFORMATION_FORMAT = dwarf;
				ENABLE_STRICT_OBJC_MSGSEND = YES;
				ENABLE_TESTABILITY = YES;
				GCC_C_LANGUAGE_STANDARD = gnu11;
				GCC_DYNAMIC_NO_PIC = NO;
				GCC_NO_COMMON_BLOCKS = YES;
				GCC_OPTIMIZATION_LEVEL = 0;
				GCC_PREPROCESSOR_DEFINITIONS = (
					"DEBUG=1",
					"$(inherited)",
				);
				GCC_WARN_64_TO_32_BIT_CONVERSION = YES;
				GCC_WARN_ABOUT_RETURN_TYPE = YES_ERROR;
				GCC_WARN_UNDECLARED_SELECTOR = YES;
				GCC_WARN_UNINITIALIZED_AUTOS = YES_AGGRESSIVE;
				GCC_WARN_UNUSED_FUNCTION = YES;
				GCC_WARN_UNUSED_VARIABLE = YES;
				IPHONEOS_DEPLOYMENT_TARGET = 11.1;
				MTL_ENABLE_DEBUG_INFO = YES;
				ONLY_ACTIVE_ARCH = YES;
				SDKROOT = iphoneos;
				SWIFT_ACTIVE_COMPILATION_CONDITIONS = DEBUG;
				SWIFT_OPTIMIZATION_LEVEL = "-Onone";
			};
			name = Debug;
		};
		FE8767CE1FAE986F00BF7412 /* Release */ = {
			isa = XCBuildConfiguration;
			buildSettings = {
				ALWAYS_SEARCH_USER_PATHS = NO;
				CLANG_ANALYZER_NONNULL = YES;
				CLANG_ANALYZER_NUMBER_OBJECT_CONVERSION = YES_AGGRESSIVE;
				CLANG_CXX_LANGUAGE_STANDARD = "gnu++14";
				CLANG_CXX_LIBRARY = "libc++";
				CLANG_ENABLE_MODULES = YES;
				CLANG_ENABLE_OBJC_ARC = YES;
				CLANG_WARN_BLOCK_CAPTURE_AUTORELEASING = YES;
				CLANG_WARN_BOOL_CONVERSION = YES;
				CLANG_WARN_COMMA = YES;
				CLANG_WARN_CONSTANT_CONVERSION = YES;
				CLANG_WARN_DIRECT_OBJC_ISA_USAGE = YES_ERROR;
				CLANG_WARN_DOCUMENTATION_COMMENTS = YES;
				CLANG_WARN_EMPTY_BODY = YES;
				CLANG_WARN_ENUM_CONVERSION = YES;
				CLANG_WARN_INFINITE_RECURSION = YES;
				CLANG_WARN_INT_CONVERSION = YES;
				CLANG_WARN_NON_LITERAL_NULL_CONVERSION = YES;
				CLANG_WARN_OBJC_LITERAL_CONVERSION = YES;
				CLANG_WARN_OBJC_ROOT_CLASS = YES_ERROR;
				CLANG_WARN_RANGE_LOOP_ANALYSIS = YES;
				CLANG_WARN_STRICT_PROTOTYPES = YES;
				CLANG_WARN_SUSPICIOUS_MOVE = YES;
				CLANG_WARN_UNGUARDED_AVAILABILITY = YES_AGGRESSIVE;
				CLANG_WARN_UNREACHABLE_CODE = YES;
				CLANG_WARN__DUPLICATE_METHOD_MATCH = YES;
				CODE_SIGN_IDENTITY = "iPhone Developer";
				COPY_PHASE_STRIP = NO;
				DEBUG_INFORMATION_FORMAT = "dwarf-with-dsym";
				ENABLE_NS_ASSERTIONS = NO;
				ENABLE_STRICT_OBJC_MSGSEND = YES;
				GCC_C_LANGUAGE_STANDARD = gnu11;
				GCC_NO_COMMON_BLOCKS = YES;
				GCC_WARN_64_TO_32_BIT_CONVERSION = YES;
				GCC_WARN_ABOUT_RETURN_TYPE = YES_ERROR;
				GCC_WARN_UNDECLARED_SELECTOR = YES;
				GCC_WARN_UNINITIALIZED_AUTOS = YES_AGGRESSIVE;
				GCC_WARN_UNUSED_FUNCTION = YES;
				GCC_WARN_UNUSED_VARIABLE = YES;
				IPHONEOS_DEPLOYMENT_TARGET = 11.1;
				MTL_ENABLE_DEBUG_INFO = NO;
				SDKROOT = iphoneos;
				SWIFT_OPTIMIZATION_LEVEL = "-Owholemodule";
				VALIDATE_PRODUCT = YES;
			};
			name = Release;
		};
		FE8767D01FAE986F00BF7412 /* Debug */ = {
			isa = XCBuildConfiguration;
			baseConfigurationReference = 4A1D61DC327071114E34B66C /* Pods-Moya-demo.debug.xcconfig */;
			buildSettings = {
				ASSETCATALOG_COMPILER_APPICON_NAME = AppIcon;
				CODE_SIGN_STYLE = Automatic;
				DEVELOPMENT_TEAM = B8AN3R9Z2W;
				INFOPLIST_FILE = "Moya-demo/Info.plist";
				LD_RUNPATH_SEARCH_PATHS = "$(inherited) @executable_path/Frameworks";
				PRODUCT_BUNDLE_IDENTIFIER = "Wilson.Moya-demo";
				PRODUCT_NAME = "$(TARGET_NAME)";
				SWIFT_VERSION = 4.0;
				TARGETED_DEVICE_FAMILY = "1,2";
			};
			name = Debug;
		};
		FE8767D11FAE986F00BF7412 /* Release */ = {
			isa = XCBuildConfiguration;
			baseConfigurationReference = 1BF030F1420930F9BB3B31F7 /* Pods-Moya-demo.release.xcconfig */;
			buildSettings = {
				ASSETCATALOG_COMPILER_APPICON_NAME = AppIcon;
				CODE_SIGN_STYLE = Automatic;
				DEVELOPMENT_TEAM = B8AN3R9Z2W;
				INFOPLIST_FILE = "Moya-demo/Info.plist";
				LD_RUNPATH_SEARCH_PATHS = "$(inherited) @executable_path/Frameworks";
				PRODUCT_BUNDLE_IDENTIFIER = "Wilson.Moya-demo";
				PRODUCT_NAME = "$(TARGET_NAME)";
				SWIFT_VERSION = 4.0;
				TARGETED_DEVICE_FAMILY = "1,2";
			};
			name = Release;
		};
		FE8767D31FAE986F00BF7412 /* Debug */ = {
			isa = XCBuildConfiguration;
			buildSettings = {
				ALWAYS_EMBED_SWIFT_STANDARD_LIBRARIES = YES;
				BUNDLE_LOADER = "$(TEST_HOST)";
				CODE_SIGN_STYLE = Automatic;
				DEVELOPMENT_TEAM = B8AN3R9Z2W;
				INFOPLIST_FILE = "Moya-demoTests/Info.plist";
				LD_RUNPATH_SEARCH_PATHS = "$(inherited) @executable_path/Frameworks @loader_path/Frameworks";
				PRODUCT_BUNDLE_IDENTIFIER = "Wilson.Moya-demoTests";
				PRODUCT_NAME = "$(TARGET_NAME)";
				SWIFT_VERSION = 4.0;
				TARGETED_DEVICE_FAMILY = "1,2";
				TEST_HOST = "$(BUILT_PRODUCTS_DIR)/Moya-demo.app/Moya-demo";
			};
			name = Debug;
		};
		FE8767D41FAE986F00BF7412 /* Release */ = {
			isa = XCBuildConfiguration;
			buildSettings = {
				ALWAYS_EMBED_SWIFT_STANDARD_LIBRARIES = YES;
				BUNDLE_LOADER = "$(TEST_HOST)";
				CODE_SIGN_STYLE = Automatic;
				DEVELOPMENT_TEAM = B8AN3R9Z2W;
				INFOPLIST_FILE = "Moya-demoTests/Info.plist";
				LD_RUNPATH_SEARCH_PATHS = "$(inherited) @executable_path/Frameworks @loader_path/Frameworks";
				PRODUCT_BUNDLE_IDENTIFIER = "Wilson.Moya-demoTests";
				PRODUCT_NAME = "$(TARGET_NAME)";
				SWIFT_VERSION = 4.0;
				TARGETED_DEVICE_FAMILY = "1,2";
				TEST_HOST = "$(BUILT_PRODUCTS_DIR)/Moya-demo.app/Moya-demo";
			};
			name = Release;
		};
		FE8767D61FAE986F00BF7412 /* Debug */ = {
			isa = XCBuildConfiguration;
			buildSettings = {
				ALWAYS_EMBED_SWIFT_STANDARD_LIBRARIES = YES;
				CODE_SIGN_STYLE = Automatic;
				DEVELOPMENT_TEAM = B8AN3R9Z2W;
				INFOPLIST_FILE = "Moya-demoUITests/Info.plist";
				LD_RUNPATH_SEARCH_PATHS = "$(inherited) @executable_path/Frameworks @loader_path/Frameworks";
				PRODUCT_BUNDLE_IDENTIFIER = "Wilson.Moya-demoUITests";
				PRODUCT_NAME = "$(TARGET_NAME)";
				SWIFT_VERSION = 4.0;
				TARGETED_DEVICE_FAMILY = "1,2";
				TEST_TARGET_NAME = "Moya-demo";
			};
			name = Debug;
		};
		FE8767D71FAE986F00BF7412 /* Release */ = {
			isa = XCBuildConfiguration;
			buildSettings = {
				ALWAYS_EMBED_SWIFT_STANDARD_LIBRARIES = YES;
				CODE_SIGN_STYLE = Automatic;
				DEVELOPMENT_TEAM = B8AN3R9Z2W;
				INFOPLIST_FILE = "Moya-demoUITests/Info.plist";
				LD_RUNPATH_SEARCH_PATHS = "$(inherited) @executable_path/Frameworks @loader_path/Frameworks";
				PRODUCT_BUNDLE_IDENTIFIER = "Wilson.Moya-demoUITests";
				PRODUCT_NAME = "$(TARGET_NAME)";
				SWIFT_VERSION = 4.0;
				TARGETED_DEVICE_FAMILY = "1,2";
				TEST_TARGET_NAME = "Moya-demo";
			};
			name = Release;
		};
/* End XCBuildConfiguration section */

/* Begin XCConfigurationList section */
		FE8767A21FAE986F00BF7412 /* Build configuration list for PBXProject "Moya-demo" */ = {
			isa = XCConfigurationList;
			buildConfigurations = (
				FE8767CD1FAE986F00BF7412 /* Debug */,
				FE8767CE1FAE986F00BF7412 /* Release */,
			);
			defaultConfigurationIsVisible = 0;
			defaultConfigurationName = Release;
		};
		FE8767CF1FAE986F00BF7412 /* Build configuration list for PBXNativeTarget "Moya-demo" */ = {
			isa = XCConfigurationList;
			buildConfigurations = (
				FE8767D01FAE986F00BF7412 /* Debug */,
				FE8767D11FAE986F00BF7412 /* Release */,
			);
			defaultConfigurationIsVisible = 0;
			defaultConfigurationName = Release;
		};
		FE8767D21FAE986F00BF7412 /* Build configuration list for PBXNativeTarget "Moya-demoTests" */ = {
			isa = XCConfigurationList;
			buildConfigurations = (
				FE8767D31FAE986F00BF7412 /* Debug */,
				FE8767D41FAE986F00BF7412 /* Release */,
			);
			defaultConfigurationIsVisible = 0;
			defaultConfigurationName = Release;
		};
		FE8767D51FAE986F00BF7412 /* Build configuration list for PBXNativeTarget "Moya-demoUITests" */ = {
			isa = XCConfigurationList;
			buildConfigurations = (
				FE8767D61FAE986F00BF7412 /* Debug */,
				FE8767D71FAE986F00BF7412 /* Release */,
			);
			defaultConfigurationIsVisible = 0;
			defaultConfigurationName = Release;
		};
/* End XCConfigurationList section */
	};
	rootObject = FE87679F1FAE986F00BF7412 /* Project object */;
}
